
Microsoft Visual Studio Solution File, Format Version 12.00
# Visual Studio Version 16
VisualStudioVersion = 16.0.30128.74
MinimumVisualStudioVersion = 10.0.40219.1
Project("{FAE04EC0-301F-11D3-BF4B-00C04F79EFBC}") = "FlagRandomizerFF4", "FlagRandomizerFF4\FlagRandomizerFF4.csproj", "{6E70C427-C34C-4832-AD4C-8A52658F78C7}"
EndProject
Global
	GlobalSection(SolutionConfigurationPlatforms) = preSolution
		Debug|Any CPU = Debug|Any CPU
		Release|Any CPU = Release|Any CPU
	EndGlobalSection
	GlobalSection(ProjectConfigurationPlatforms) = postSolution
		{6E70C427-C34C-4832-AD4C-8A52658F78C7}.Debug|Any CPU.ActiveCfg = Debug|Any CPU
		{6E70C427-C34C-4832-AD4C-8A52658F78C7}.Debug|Any CPU.Build.0 = Debug|Any CPU
		{6E70C427-C34C-4832-AD4C-8A52658F78C7}.Release|Any CPU.ActiveCfg = Release|Any CPU
		{6E70C427-C34C-4832-AD4C-8A52658F78C7}.Release|Any CPU.Build.0 = Release|Any CPU
	EndGlobalSection
	GlobalSection(SolutionProperties) = preSolution
		HideSolutionNode = FALSE
	EndGlobalSection
	GlobalSection(ExtensibilityGlobals) = postSolution
		SolutionGuid = {3987EA91-A9A6-477C-B3BC-180EB8D1B1E7}
	EndGlobalSection
EndGlobal
