
Microsoft Visual Studio Solution File, Format Version 12.00
# Visual Studio Version 16
VisualStudioVersion = 16.0.30128.74
MinimumVisualStudioVersion = 10.0.40219.1
Project("{FAE04EC0-301F-11D3-BF4B-00C04F79EFBC}") = "FlagRandomizerFF4", "FlagRandomizerFF4\FlagRandomizerFF4.csproj", "{6E70C427-C34C-4832-AD4C-8A52658F78C7}"
EndProject
Project("{9A19103F-16F7-4668-BE54-9A1E7A4F7556}") = "Repository.Contract", "Repository.Contract\Repository.Contract.csproj", "{56805484-CCB8-4AF7-8F16-5E1D36CD75C0}"
EndProject
Project("{9A19103F-16F7-4668-BE54-9A1E7A4F7556}") = "Business.Contract", "Business.Contract\Business.Contract.csproj", "{F3CA6471-87F4-4671-9D08-A5A72BDF30C0}"
EndProject
Project("{9A19103F-16F7-4668-BE54-9A1E7A4F7556}") = "Business", "Business\Business.csproj", "{33DEDF36-EBC0-4579-BED8-D5BF8937D8E4}"
EndProject
Project("{9A19103F-16F7-4668-BE54-9A1E7A4F7556}") = "Entities", "Entities\Entities.csproj", "{4157C7D1-BFBA-4B86-B503-20D1E89DB6D3}"
EndProject
Project("{FAE04EC0-301F-11D3-BF4B-00C04F79EFBC}") = "Views", "Views\Views.csproj", "{D6AD3F17-D80E-41FC-B36B-8B8E3679F7E4}"
EndProject
Project("{FAE04EC0-301F-11D3-BF4B-00C04F79EFBC}") = "UnitsTests", "UnitsTests\UnitsTests.csproj", "{44DDE36B-4431-4027-96E1-219DA912E87A}"
EndProject
Project("{FAE04EC0-301F-11D3-BF4B-00C04F79EFBC}") = "Controllers", "Controllers\Controllers.csproj", "{DD8C985D-1680-454B-A388-B8D08BFC6A81}"
EndProject
Project("{FAE04EC0-301F-11D3-BF4B-00C04F79EFBC}") = "Repository", "Repository\Repository.csproj", "{E2927936-9423-4354-9BC7-6640FFB76F0F}"
EndProject
Global
	GlobalSection(SolutionConfigurationPlatforms) = preSolution
		Debug|Any CPU = Debug|Any CPU
		Debug|x64 = Debug|x64
		Release|Any CPU = Release|Any CPU
		Release|x64 = Release|x64
	EndGlobalSection
	GlobalSection(ProjectConfigurationPlatforms) = postSolution
		{6E70C427-C34C-4832-AD4C-8A52658F78C7}.Debug|Any CPU.ActiveCfg = Debug|Any CPU
		{6E70C427-C34C-4832-AD4C-8A52658F78C7}.Debug|Any CPU.Build.0 = Debug|Any CPU
		{6E70C427-C34C-4832-AD4C-8A52658F78C7}.Debug|x64.ActiveCfg = Debug|Any CPU
		{6E70C427-C34C-4832-AD4C-8A52658F78C7}.Debug|x64.Build.0 = Debug|Any CPU
		{6E70C427-C34C-4832-AD4C-8A52658F78C7}.Release|Any CPU.ActiveCfg = Release|Any CPU
		{6E70C427-C34C-4832-AD4C-8A52658F78C7}.Release|Any CPU.Build.0 = Release|Any CPU
		{6E70C427-C34C-4832-AD4C-8A52658F78C7}.Release|x64.ActiveCfg = Release|x64
		{6E70C427-C34C-4832-AD4C-8A52658F78C7}.Release|x64.Build.0 = Release|x64
		{56805484-CCB8-4AF7-8F16-5E1D36CD75C0}.Debug|Any CPU.ActiveCfg = Debug|Any CPU
		{56805484-CCB8-4AF7-8F16-5E1D36CD75C0}.Debug|Any CPU.Build.0 = Debug|Any CPU
		{56805484-CCB8-4AF7-8F16-5E1D36CD75C0}.Debug|x64.ActiveCfg = Debug|Any CPU
		{56805484-CCB8-4AF7-8F16-5E1D36CD75C0}.Debug|x64.Build.0 = Debug|Any CPU
		{56805484-CCB8-4AF7-8F16-5E1D36CD75C0}.Release|Any CPU.ActiveCfg = Release|Any CPU
		{56805484-CCB8-4AF7-8F16-5E1D36CD75C0}.Release|Any CPU.Build.0 = Release|Any CPU
		{56805484-CCB8-4AF7-8F16-5E1D36CD75C0}.Release|x64.ActiveCfg = Release|Any CPU
		{56805484-CCB8-4AF7-8F16-5E1D36CD75C0}.Release|x64.Build.0 = Release|Any CPU
		{F3CA6471-87F4-4671-9D08-A5A72BDF30C0}.Debug|Any CPU.ActiveCfg = Debug|Any CPU
		{F3CA6471-87F4-4671-9D08-A5A72BDF30C0}.Debug|Any CPU.Build.0 = Debug|Any CPU
		{F3CA6471-87F4-4671-9D08-A5A72BDF30C0}.Debug|x64.ActiveCfg = Debug|Any CPU
		{F3CA6471-87F4-4671-9D08-A5A72BDF30C0}.Debug|x64.Build.0 = Debug|Any CPU
		{F3CA6471-87F4-4671-9D08-A5A72BDF30C0}.Release|Any CPU.ActiveCfg = Release|Any CPU
		{F3CA6471-87F4-4671-9D08-A5A72BDF30C0}.Release|Any CPU.Build.0 = Release|Any CPU
		{F3CA6471-87F4-4671-9D08-A5A72BDF30C0}.Release|x64.ActiveCfg = Release|Any CPU
		{F3CA6471-87F4-4671-9D08-A5A72BDF30C0}.Release|x64.Build.0 = Release|Any CPU
		{33DEDF36-EBC0-4579-BED8-D5BF8937D8E4}.Debug|Any CPU.ActiveCfg = Debug|Any CPU
		{33DEDF36-EBC0-4579-BED8-D5BF8937D8E4}.Debug|Any CPU.Build.0 = Debug|Any CPU
		{33DEDF36-EBC0-4579-BED8-D5BF8937D8E4}.Debug|x64.ActiveCfg = Debug|Any CPU
		{33DEDF36-EBC0-4579-BED8-D5BF8937D8E4}.Debug|x64.Build.0 = Debug|Any CPU
		{33DEDF36-EBC0-4579-BED8-D5BF8937D8E4}.Release|Any CPU.ActiveCfg = Release|Any CPU
		{33DEDF36-EBC0-4579-BED8-D5BF8937D8E4}.Release|Any CPU.Build.0 = Release|Any CPU
		{33DEDF36-EBC0-4579-BED8-D5BF8937D8E4}.Release|x64.ActiveCfg = Release|Any CPU
		{33DEDF36-EBC0-4579-BED8-D5BF8937D8E4}.Release|x64.Build.0 = Release|Any CPU
		{4157C7D1-BFBA-4B86-B503-20D1E89DB6D3}.Debug|Any CPU.ActiveCfg = Debug|Any CPU
		{4157C7D1-BFBA-4B86-B503-20D1E89DB6D3}.Debug|Any CPU.Build.0 = Debug|Any CPU
		{4157C7D1-BFBA-4B86-B503-20D1E89DB6D3}.Debug|x64.ActiveCfg = Debug|Any CPU
		{4157C7D1-BFBA-4B86-B503-20D1E89DB6D3}.Debug|x64.Build.0 = Debug|Any CPU
		{4157C7D1-BFBA-4B86-B503-20D1E89DB6D3}.Release|Any CPU.ActiveCfg = Release|Any CPU
		{4157C7D1-BFBA-4B86-B503-20D1E89DB6D3}.Release|Any CPU.Build.0 = Release|Any CPU
		{4157C7D1-BFBA-4B86-B503-20D1E89DB6D3}.Release|x64.ActiveCfg = Release|Any CPU
		{4157C7D1-BFBA-4B86-B503-20D1E89DB6D3}.Release|x64.Build.0 = Release|Any CPU
		{D6AD3F17-D80E-41FC-B36B-8B8E3679F7E4}.Debug|Any CPU.ActiveCfg = Debug|Any CPU
		{D6AD3F17-D80E-41FC-B36B-8B8E3679F7E4}.Debug|Any CPU.Build.0 = Debug|Any CPU
		{D6AD3F17-D80E-41FC-B36B-8B8E3679F7E4}.Debug|x64.ActiveCfg = Debug|Any CPU
		{D6AD3F17-D80E-41FC-B36B-8B8E3679F7E4}.Debug|x64.Build.0 = Debug|Any CPU
		{D6AD3F17-D80E-41FC-B36B-8B8E3679F7E4}.Release|Any CPU.ActiveCfg = Release|Any CPU
		{D6AD3F17-D80E-41FC-B36B-8B8E3679F7E4}.Release|Any CPU.Build.0 = Release|Any CPU
		{D6AD3F17-D80E-41FC-B36B-8B8E3679F7E4}.Release|x64.ActiveCfg = Release|Any CPU
		{D6AD3F17-D80E-41FC-B36B-8B8E3679F7E4}.Release|x64.Build.0 = Release|Any CPU
		{44DDE36B-4431-4027-96E1-219DA912E87A}.Debug|Any CPU.ActiveCfg = Debug|Any CPU
		{44DDE36B-4431-4027-96E1-219DA912E87A}.Debug|Any CPU.Build.0 = Debug|Any CPU
		{44DDE36B-4431-4027-96E1-219DA912E87A}.Debug|x64.ActiveCfg = Debug|Any CPU
		{44DDE36B-4431-4027-96E1-219DA912E87A}.Debug|x64.Build.0 = Debug|Any CPU
		{44DDE36B-4431-4027-96E1-219DA912E87A}.Release|Any CPU.ActiveCfg = Release|Any CPU
		{44DDE36B-4431-4027-96E1-219DA912E87A}.Release|Any CPU.Build.0 = Release|Any CPU
		{44DDE36B-4431-4027-96E1-219DA912E87A}.Release|x64.ActiveCfg = Release|Any CPU
		{44DDE36B-4431-4027-96E1-219DA912E87A}.Release|x64.Build.0 = Release|Any CPU
		{DD8C985D-1680-454B-A388-B8D08BFC6A81}.Debug|Any CPU.ActiveCfg = Debug|Any CPU
		{DD8C985D-1680-454B-A388-B8D08BFC6A81}.Debug|Any CPU.Build.0 = Debug|Any CPU
		{DD8C985D-1680-454B-A388-B8D08BFC6A81}.Debug|x64.ActiveCfg = Debug|Any CPU
		{DD8C985D-1680-454B-A388-B8D08BFC6A81}.Debug|x64.Build.0 = Debug|Any CPU
		{DD8C985D-1680-454B-A388-B8D08BFC6A81}.Release|Any CPU.ActiveCfg = Release|Any CPU
		{DD8C985D-1680-454B-A388-B8D08BFC6A81}.Release|Any CPU.Build.0 = Release|Any CPU
		{DD8C985D-1680-454B-A388-B8D08BFC6A81}.Release|x64.ActiveCfg = Release|Any CPU
		{DD8C985D-1680-454B-A388-B8D08BFC6A81}.Release|x64.Build.0 = Release|Any CPU
		{E2927936-9423-4354-9BC7-6640FFB76F0F}.Debug|Any CPU.ActiveCfg = Debug|Any CPU
		{E2927936-9423-4354-9BC7-6640FFB76F0F}.Debug|Any CPU.Build.0 = Debug|Any CPU
		{E2927936-9423-4354-9BC7-6640FFB76F0F}.Debug|x64.ActiveCfg = Debug|Any CPU
		{E2927936-9423-4354-9BC7-6640FFB76F0F}.Debug|x64.Build.0 = Debug|Any CPU
		{E2927936-9423-4354-9BC7-6640FFB76F0F}.Release|Any CPU.ActiveCfg = Release|Any CPU
		{E2927936-9423-4354-9BC7-6640FFB76F0F}.Release|Any CPU.Build.0 = Release|Any CPU
		{E2927936-9423-4354-9BC7-6640FFB76F0F}.Release|x64.ActiveCfg = Release|Any CPU
		{E2927936-9423-4354-9BC7-6640FFB76F0F}.Release|x64.Build.0 = Release|Any CPU
	EndGlobalSection
	GlobalSection(SolutionProperties) = preSolution
		HideSolutionNode = FALSE
	EndGlobalSection
	GlobalSection(ExtensibilityGlobals) = postSolution
		SolutionGuid = {3987EA91-A9A6-477C-B3BC-180EB8D1B1E7}
	EndGlobalSection
EndGlobal
